// !$*UTF8*$!
{
	archiveVersion = 1;
	classes = {
	};
	objectVersion = 50;
	objects = {

/* Begin PBXBuildFile section */
		3A5EF1242600D92900661788 /* Game.swift in Sources */ = {isa = PBXBuildFile; fileRef = 3AA829C62600C625001A8EA7 /* Game.swift */; };
		3A7DDE0325FE3377006BC8BA /* TriviaEngine.framework in Frameworks */ = {isa = PBXBuildFile; fileRef = 3A7DDDF925FE3377006BC8BA /* TriviaEngine.framework */; };
		3A7DDE1825FE341C006BC8BA /* FlowTest.swift in Sources */ = {isa = PBXBuildFile; fileRef = 3A7DDE1725FE341C006BC8BA /* FlowTest.swift */; };
		3A7DDE1C25FE36FB006BC8BA /* Flow.swift in Sources */ = {isa = PBXBuildFile; fileRef = 3A7DDE1B25FE36FB006BC8BA /* Flow.swift */; };
		3AA829B52600C2CE001A8EA7 /* Result.swift in Sources */ = {isa = PBXBuildFile; fileRef = 3AA829B42600C2CE001A8EA7 /* Result.swift */; };
		3AA829B92600C2FD001A8EA7 /* Router.swift in Sources */ = {isa = PBXBuildFile; fileRef = 3AA829B82600C2FD001A8EA7 /* Router.swift */; };
		3AA829BD2600C4FD001A8EA7 /* GameTest.swift in Sources */ = {isa = PBXBuildFile; fileRef = 3AA829BC2600C4FD001A8EA7 /* GameTest.swift */; };
		3AA829C32600C5FE001A8EA7 /* RouterSpy.swift in Sources */ = {isa = PBXBuildFile; fileRef = 3AA829C22600C5FE001A8EA7 /* RouterSpy.swift */; };
/* End PBXBuildFile section */

/* Begin PBXContainerItemProxy section */
		3A7DDE0425FE3377006BC8BA /* PBXContainerItemProxy */ = {
			isa = PBXContainerItemProxy;
			containerPortal = 3A7DDDF025FE3377006BC8BA /* Project object */;
			proxyType = 1;
			remoteGlobalIDString = 3A7DDDF825FE3377006BC8BA;
			remoteInfo = TriviaEngine;
		};
/* End PBXContainerItemProxy section */

/* Begin PBXFileReference section */
		3A7DDDF925FE3377006BC8BA /* TriviaEngine.framework */ = {isa = PBXFileReference; explicitFileType = wrapper.framework; includeInIndex = 0; path = TriviaEngine.framework; sourceTree = BUILT_PRODUCTS_DIR; };
		3A7DDDFD25FE3377006BC8BA /* Info.plist */ = {isa = PBXFileReference; lastKnownFileType = text.plist.xml; path = Info.plist; sourceTree = "<group>"; };
		3A7DDE0225FE3377006BC8BA /* TriviaEngineTests.xctest */ = {isa = PBXFileReference; explicitFileType = wrapper.cfbundle; includeInIndex = 0; path = TriviaEngineTests.xctest; sourceTree = BUILT_PRODUCTS_DIR; };
		3A7DDE0925FE3377006BC8BA /* Info.plist */ = {isa = PBXFileReference; lastKnownFileType = text.plist.xml; path = Info.plist; sourceTree = "<group>"; };
		3A7DDE1725FE341C006BC8BA /* FlowTest.swift */ = {isa = PBXFileReference; lastKnownFileType = sourcecode.swift; path = FlowTest.swift; sourceTree = "<group>"; };
		3A7DDE1B25FE36FB006BC8BA /* Flow.swift */ = {isa = PBXFileReference; lastKnownFileType = sourcecode.swift; path = Flow.swift; sourceTree = "<group>"; };
		3AA829B42600C2CE001A8EA7 /* Result.swift */ = {isa = PBXFileReference; lastKnownFileType = sourcecode.swift; path = Result.swift; sourceTree = "<group>"; };
		3AA829B82600C2FD001A8EA7 /* Router.swift */ = {isa = PBXFileReference; lastKnownFileType = sourcecode.swift; path = Router.swift; sourceTree = "<group>"; };
		3AA829BC2600C4FD001A8EA7 /* GameTest.swift */ = {isa = PBXFileReference; lastKnownFileType = sourcecode.swift; path = GameTest.swift; sourceTree = "<group>"; };
		3AA829C22600C5FE001A8EA7 /* RouterSpy.swift */ = {isa = PBXFileReference; lastKnownFileType = sourcecode.swift; path = RouterSpy.swift; sourceTree = "<group>"; };
		3AA829C62600C625001A8EA7 /* Game.swift */ = {isa = PBXFileReference; lastKnownFileType = sourcecode.swift; path = Game.swift; sourceTree = "<group>"; };
/* End PBXFileReference section */

/* Begin PBXFrameworksBuildPhase section */
		3A7DDDF625FE3377006BC8BA /* Frameworks */ = {
			isa = PBXFrameworksBuildPhase;
			buildActionMask = 2147483647;
			files = (
			);
			runOnlyForDeploymentPostprocessing = 0;
		};
		3A7DDDFF25FE3377006BC8BA /* Frameworks */ = {
			isa = PBXFrameworksBuildPhase;
			buildActionMask = 2147483647;
			files = (
				3A7DDE0325FE3377006BC8BA /* TriviaEngine.framework in Frameworks */,
			);
			runOnlyForDeploymentPostprocessing = 0;
		};
/* End PBXFrameworksBuildPhase section */

/* Begin PBXGroup section */
		3A7DDDEF25FE3377006BC8BA = {
			isa = PBXGroup;
			children = (
				3A7DDDFB25FE3377006BC8BA /* TriviaEngine */,
				3A7DDE0625FE3377006BC8BA /* TriviaEngineTests */,
				3A7DDDFA25FE3377006BC8BA /* Products */,
			);
			sourceTree = "<group>";
		};
		3A7DDDFA25FE3377006BC8BA /* Products */ = {
			isa = PBXGroup;
			children = (
				3A7DDDF925FE3377006BC8BA /* TriviaEngine.framework */,
				3A7DDE0225FE3377006BC8BA /* TriviaEngineTests.xctest */,
			);
			name = Products;
			sourceTree = "<group>";
		};
		3A7DDDFB25FE3377006BC8BA /* TriviaEngine */ = {
			isa = PBXGroup;
			children = (
				3A7DDDFD25FE3377006BC8BA /* Info.plist */,
				3AA829B82600C2FD001A8EA7 /* Router.swift */,
				3AA829B42600C2CE001A8EA7 /* Result.swift */,
				3A7DDE1B25FE36FB006BC8BA /* Flow.swift */,
			);
			path = TriviaEngine;
			sourceTree = "<group>";
		};
		3A7DDE0625FE3377006BC8BA /* TriviaEngineTests */ = {
			isa = PBXGroup;
			children = (
				3A7DDE0925FE3377006BC8BA /* Info.plist */,
				3A7DDE1725FE341C006BC8BA /* FlowTest.swift */,
				3AA829C22600C5FE001A8EA7 /* RouterSpy.swift */,
				3AA829C62600C625001A8EA7 /* Game.swift */,
				3AA829BC2600C4FD001A8EA7 /* GameTest.swift */,
			);
			path = TriviaEngineTests;
			sourceTree = "<group>";
		};
/* End PBXGroup section */

/* Begin PBXHeadersBuildPhase section */
		3A7DDDF425FE3377006BC8BA /* Headers */ = {
			isa = PBXHeadersBuildPhase;
			buildActionMask = 2147483647;
			files = (
			);
			runOnlyForDeploymentPostprocessing = 0;
		};
/* End PBXHeadersBuildPhase section */

/* Begin PBXNativeTarget section */
		3A7DDDF825FE3377006BC8BA /* TriviaEngine */ = {
			isa = PBXNativeTarget;
			buildConfigurationList = 3A7DDE0D25FE3377006BC8BA /* Build configuration list for PBXNativeTarget "TriviaEngine" */;
			buildPhases = (
				3A7DDDF425FE3377006BC8BA /* Headers */,
				3A7DDDF525FE3377006BC8BA /* Sources */,
				3A7DDDF625FE3377006BC8BA /* Frameworks */,
				3A7DDDF725FE3377006BC8BA /* Resources */,
			);
			buildRules = (
			);
			dependencies = (
			);
			name = TriviaEngine;
			productName = TriviaEngine;
			productReference = 3A7DDDF925FE3377006BC8BA /* TriviaEngine.framework */;
			productType = "com.apple.product-type.framework";
		};
		3A7DDE0125FE3377006BC8BA /* TriviaEngineTests */ = {
			isa = PBXNativeTarget;
			buildConfigurationList = 3A7DDE1025FE3377006BC8BA /* Build configuration list for PBXNativeTarget "TriviaEngineTests" */;
			buildPhases = (
				3A7DDDFE25FE3377006BC8BA /* Sources */,
				3A7DDDFF25FE3377006BC8BA /* Frameworks */,
				3A7DDE0025FE3377006BC8BA /* Resources */,
			);
			buildRules = (
			);
			dependencies = (
				3A7DDE0525FE3377006BC8BA /* PBXTargetDependency */,
			);
			name = TriviaEngineTests;
			productName = TriviaEngineTests;
			productReference = 3A7DDE0225FE3377006BC8BA /* TriviaEngineTests.xctest */;
			productType = "com.apple.product-type.bundle.unit-test";
		};
/* End PBXNativeTarget section */

/* Begin PBXProject section */
		3A7DDDF025FE3377006BC8BA /* Project object */ = {
			isa = PBXProject;
			attributes = {
				LastSwiftUpdateCheck = 1240;
				LastUpgradeCheck = 1240;
				TargetAttributes = {
					3A7DDDF825FE3377006BC8BA = {
						CreatedOnToolsVersion = 12.4;
						LastSwiftMigration = 1240;
					};
					3A7DDE0125FE3377006BC8BA = {
						CreatedOnToolsVersion = 12.4;
						LastSwiftMigration = 1240;
					};
				};
			};
			buildConfigurationList = 3A7DDDF325FE3377006BC8BA /* Build configuration list for PBXProject "TriviaEngine" */;
			compatibilityVersion = "Xcode 9.3";
			developmentRegion = en;
			hasScannedForEncodings = 0;
			knownRegions = (
				en,
				Base,
			);
			mainGroup = 3A7DDDEF25FE3377006BC8BA;
			productRefGroup = 3A7DDDFA25FE3377006BC8BA /* Products */;
			projectDirPath = "";
			projectRoot = "";
			targets = (
				3A7DDDF825FE3377006BC8BA /* TriviaEngine */,
				3A7DDE0125FE3377006BC8BA /* TriviaEngineTests */,
			);
		};
/* End PBXProject section */

/* Begin PBXResourcesBuildPhase section */
		3A7DDDF725FE3377006BC8BA /* Resources */ = {
			isa = PBXResourcesBuildPhase;
			buildActionMask = 2147483647;
			files = (
			);
			runOnlyForDeploymentPostprocessing = 0;
		};
		3A7DDE0025FE3377006BC8BA /* Resources */ = {
			isa = PBXResourcesBuildPhase;
			buildActionMask = 2147483647;
			files = (
			);
			runOnlyForDeploymentPostprocessing = 0;
		};
/* End PBXResourcesBuildPhase section */

/* Begin PBXSourcesBuildPhase section */
		3A7DDDF525FE3377006BC8BA /* Sources */ = {
			isa = PBXSourcesBuildPhase;
			buildActionMask = 2147483647;
			files = (
				3AA829B52600C2CE001A8EA7 /* Result.swift in Sources */,
				3AA829B92600C2FD001A8EA7 /* Router.swift in Sources */,
				3A7DDE1C25FE36FB006BC8BA /* Flow.swift in Sources */,
				3A5EF1242600D92900661788 /* Game.swift in Sources */,
			);
			runOnlyForDeploymentPostprocessing = 0;
		};
		3A7DDDFE25FE3377006BC8BA /* Sources */ = {
			isa = PBXSourcesBuildPhase;
			buildActionMask = 2147483647;
			files = (
				3A7DDE1825FE341C006BC8BA /* FlowTest.swift in Sources */,
				3AA829BD2600C4FD001A8EA7 /* GameTest.swift in Sources */,
				3AA829C32600C5FE001A8EA7 /* RouterSpy.swift in Sources */,
			);
			runOnlyForDeploymentPostprocessing = 0;
		};
/* End PBXSourcesBuildPhase section */

/* Begin PBXTargetDependency section */
		3A7DDE0525FE3377006BC8BA /* PBXTargetDependency */ = {
			isa = PBXTargetDependency;
			target = 3A7DDDF825FE3377006BC8BA /* TriviaEngine */;
			targetProxy = 3A7DDE0425FE3377006BC8BA /* PBXContainerItemProxy */;
		};
/* End PBXTargetDependency section */

/* Begin XCBuildConfiguration section */
		3A7DDE0B25FE3377006BC8BA /* Debug */ = {
			isa = XCBuildConfiguration;
			buildSettings = {
				ALWAYS_SEARCH_USER_PATHS = NO;
				CLANG_ANALYZER_NONNULL = YES;
				CLANG_ANALYZER_NUMBER_OBJECT_CONVERSION = YES_AGGRESSIVE;
				CLANG_CXX_LANGUAGE_STANDARD = "gnu++14";
				CLANG_CXX_LIBRARY = "libc++";
				CLANG_ENABLE_MODULES = YES;
				CLANG_ENABLE_OBJC_ARC = YES;
				CLANG_ENABLE_OBJC_WEAK = YES;
				CLANG_WARN_BLOCK_CAPTURE_AUTORELEASING = YES;
				CLANG_WARN_BOOL_CONVERSION = YES;
				CLANG_WARN_COMMA = YES;
				CLANG_WARN_CONSTANT_CONVERSION = YES;
				CLANG_WARN_DEPRECATED_OBJC_IMPLEMENTATIONS = YES;
				CLANG_WARN_DIRECT_OBJC_ISA_USAGE = YES_ERROR;
				CLANG_WARN_DOCUMENTATION_COMMENTS = YES;
				CLANG_WARN_EMPTY_BODY = YES;
				CLANG_WARN_ENUM_CONVERSION = YES;
				CLANG_WARN_INFINITE_RECURSION = YES;
				CLANG_WARN_INT_CONVERSION = YES;
				CLANG_WARN_NON_LITERAL_NULL_CONVERSION = YES;
				CLANG_WARN_OBJC_IMPLICIT_RETAIN_SELF = YES;
				CLANG_WARN_OBJC_LITERAL_CONVERSION = YES;
				CLANG_WARN_OBJC_ROOT_CLASS = YES_ERROR;
				CLANG_WARN_QUOTED_INCLUDE_IN_FRAMEWORK_HEADER = YES;
				CLANG_WARN_RANGE_LOOP_ANALYSIS = YES;
				CLANG_WARN_STRICT_PROTOTYPES = YES;
				CLANG_WARN_SUSPICIOUS_MOVE = YES;
				CLANG_WARN_UNGUARDED_AVAILABILITY = YES_AGGRESSIVE;
				CLANG_WARN_UNREACHABLE_CODE = YES;
				CLANG_WARN__DUPLICATE_METHOD_MATCH = YES;
				COPY_PHASE_STRIP = NO;
				CURRENT_PROJECT_VERSION = 1;
				DEBUG_INFORMATION_FORMAT = dwarf;
				ENABLE_STRICT_OBJC_MSGSEND = YES;
				ENABLE_TESTABILITY = YES;
				GCC_C_LANGUAGE_STANDARD = gnu11;
				GCC_DYNAMIC_NO_PIC = NO;
				GCC_NO_COMMON_BLOCKS = YES;
				GCC_OPTIMIZATION_LEVEL = 0;
				GCC_PREPROCESSOR_DEFINITIONS = (
					"DEBUG=1",
					"$(inherited)",
				);
				GCC_WARN_64_TO_32_BIT_CONVERSION = YES;
				GCC_WARN_ABOUT_RETURN_TYPE = YES_ERROR;
				GCC_WARN_UNDECLARED_SELECTOR = YES;
				GCC_WARN_UNINITIALIZED_AUTOS = YES_AGGRESSIVE;
				GCC_WARN_UNUSED_FUNCTION = YES;
				GCC_WARN_UNUSED_VARIABLE = YES;
				MACOSX_DEPLOYMENT_TARGET = 11.0;
				MTL_ENABLE_DEBUG_INFO = INCLUDE_SOURCE;
				MTL_FAST_MATH = YES;
				ONLY_ACTIVE_ARCH = YES;
				SDKROOT = macosx;
				SWIFT_ACTIVE_COMPILATION_CONDITIONS = DEBUG;
				SWIFT_OPTIMIZATION_LEVEL = "-Onone";
				VERSIONING_SYSTEM = "apple-generic";
				VERSION_INFO_PREFIX = "";
			};
			name = Debug;
		};
		3A7DDE0C25FE3377006BC8BA /* Release */ = {
			isa = XCBuildConfiguration;
			buildSettings = {
				ALWAYS_SEARCH_USER_PATHS = NO;
				CLANG_ANALYZER_NONNULL = YES;
				CLANG_ANALYZER_NUMBER_OBJECT_CONVERSION = YES_AGGRESSIVE;
				CLANG_CXX_LANGUAGE_STANDARD = "gnu++14";
				CLANG_CXX_LIBRARY = "libc++";
				CLANG_ENABLE_MODULES = YES;
				CLANG_ENABLE_OBJC_ARC = YES;
				CLANG_ENABLE_OBJC_WEAK = YES;
				CLANG_WARN_BLOCK_CAPTURE_AUTORELEASING = YES;
				CLANG_WARN_BOOL_CONVERSION = YES;
				CLANG_WARN_COMMA = YES;
				CLANG_WARN_CONSTANT_CONVERSION = YES;
				CLANG_WARN_DEPRECATED_OBJC_IMPLEMENTATIONS = YES;
				CLANG_WARN_DIRECT_OBJC_ISA_USAGE = YES_ERROR;
				CLANG_WARN_DOCUMENTATION_COMMENTS = YES;
				CLANG_WARN_EMPTY_BODY = YES;
				CLANG_WARN_ENUM_CONVERSION = YES;
				CLANG_WARN_INFINITE_RECURSION = YES;
				CLANG_WARN_INT_CONVERSION = YES;
				CLANG_WARN_NON_LITERAL_NULL_CONVERSION = YES;
				CLANG_WARN_OBJC_IMPLICIT_RETAIN_SELF = YES;
				CLANG_WARN_OBJC_LITERAL_CONVERSION = YES;
				CLANG_WARN_OBJC_ROOT_CLASS = YES_ERROR;
				CLANG_WARN_QUOTED_INCLUDE_IN_FRAMEWORK_HEADER = YES;
				CLANG_WARN_RANGE_LOOP_ANALYSIS = YES;
				CLANG_WARN_STRICT_PROTOTYPES = YES;
				CLANG_WARN_SUSPICIOUS_MOVE = YES;
				CLANG_WARN_UNGUARDED_AVAILABILITY = YES_AGGRESSIVE;
				CLANG_WARN_UNREACHABLE_CODE = YES;
				CLANG_WARN__DUPLICATE_METHOD_MATCH = YES;
				COPY_PHASE_STRIP = NO;
				CURRENT_PROJECT_VERSION = 1;
				DEBUG_INFORMATION_FORMAT = "dwarf-with-dsym";
				ENABLE_NS_ASSERTIONS = NO;
				ENABLE_STRICT_OBJC_MSGSEND = YES;
				GCC_C_LANGUAGE_STANDARD = gnu11;
				GCC_NO_COMMON_BLOCKS = YES;
				GCC_WARN_64_TO_32_BIT_CONVERSION = YES;
				GCC_WARN_ABOUT_RETURN_TYPE = YES_ERROR;
				GCC_WARN_UNDECLARED_SELECTOR = YES;
				GCC_WARN_UNINITIALIZED_AUTOS = YES_AGGRESSIVE;
				GCC_WARN_UNUSED_FUNCTION = YES;
				GCC_WARN_UNUSED_VARIABLE = YES;
				MACOSX_DEPLOYMENT_TARGET = 11.0;
				MTL_ENABLE_DEBUG_INFO = NO;
				MTL_FAST_MATH = YES;
				SDKROOT = macosx;
				SWIFT_COMPILATION_MODE = wholemodule;
				SWIFT_OPTIMIZATION_LEVEL = "-O";
				VERSIONING_SYSTEM = "apple-generic";
				VERSION_INFO_PREFIX = "";
			};
			name = Release;
		};
		3A7DDE0E25FE3377006BC8BA /* Debug */ = {
			isa = XCBuildConfiguration;
			buildSettings = {
				CLANG_ENABLE_MODULES = YES;
				CODE_SIGN_STYLE = Automatic;
				COMBINE_HIDPI_IMAGES = YES;
				DEFINES_MODULE = YES;
				DEVELOPMENT_TEAM = 2J59QZU6T2;
				DYLIB_COMPATIBILITY_VERSION = 1;
				DYLIB_CURRENT_VERSION = 1;
				DYLIB_INSTALL_NAME_BASE = "@rpath";
				INFOPLIST_FILE = TriviaEngine/Info.plist;
				INSTALL_PATH = "$(LOCAL_LIBRARY_DIR)/Frameworks";
				LD_RUNPATH_SEARCH_PATHS = (
					"$(inherited)",
					"@executable_path/../Frameworks",
					"@loader_path/Frameworks",
				);
				PRODUCT_BUNDLE_IDENTIFIER = com.ambercoded.TriviaEngine;
				PRODUCT_NAME = "$(TARGET_NAME:c99extidentifier)";
				SKIP_INSTALL = YES;
				SWIFT_OPTIMIZATION_LEVEL = "-Onone";
				SWIFT_VERSION = 5.0;
			};
			name = Debug;
		};
		3A7DDE0F25FE3377006BC8BA /* Release */ = {
			isa = XCBuildConfiguration;
			buildSettings = {
				CLANG_ENABLE_MODULES = YES;
				CODE_SIGN_STYLE = Automatic;
				COMBINE_HIDPI_IMAGES = YES;
				DEFINES_MODULE = YES;
				DEVELOPMENT_TEAM = 2J59QZU6T2;
				DYLIB_COMPATIBILITY_VERSION = 1;
				DYLIB_CURRENT_VERSION = 1;
				DYLIB_INSTALL_NAME_BASE = "@rpath";
				INFOPLIST_FILE = TriviaEngine/Info.plist;
				INSTALL_PATH = "$(LOCAL_LIBRARY_DIR)/Frameworks";
				LD_RUNPATH_SEARCH_PATHS = (
					"$(inherited)",
					"@executable_path/../Frameworks",
					"@loader_path/Frameworks",
				);
				PRODUCT_BUNDLE_IDENTIFIER = com.ambercoded.TriviaEngine;
				PRODUCT_NAME = "$(TARGET_NAME:c99extidentifier)";
				SKIP_INSTALL = YES;
				SWIFT_VERSION = 5.0;
			};
			name = Release;
		};
		3A7DDE1125FE3377006BC8BA /* Debug */ = {
			isa = XCBuildConfiguration;
			buildSettings = {
				ALWAYS_EMBED_SWIFT_STANDARD_LIBRARIES = YES;
				CLANG_ENABLE_MODULES = YES;
				CODE_SIGN_STYLE = Automatic;
				COMBINE_HIDPI_IMAGES = YES;
				DEVELOPMENT_TEAM = 2J59QZU6T2;
				INFOPLIST_FILE = TriviaEngineTests/Info.plist;
				LD_RUNPATH_SEARCH_PATHS = (
					"$(inherited)",
					"@executable_path/../Frameworks",
					"@loader_path/../Frameworks",
				);
				PRODUCT_BUNDLE_IDENTIFIER = com.ambercoded.TriviaEngineTests;
				PRODUCT_NAME = "$(TARGET_NAME)";
				SWIFT_OPTIMIZATION_LEVEL = "-Onone";
				SWIFT_VERSION = 5.0;
			};
			name = Debug;
		};
		3A7DDE1225FE3377006BC8BA /* Release */ = {
			isa = XCBuildConfiguration;
			buildSettings = {
				ALWAYS_EMBED_SWIFT_STANDARD_LIBRARIES = YES;
				CLANG_ENABLE_MODULES = YES;
				CODE_SIGN_STYLE = Automatic;
				COMBINE_HIDPI_IMAGES = YES;
				DEVELOPMENT_TEAM = 2J59QZU6T2;
				INFOPLIST_FILE = TriviaEngineTests/Info.plist;
				LD_RUNPATH_SEARCH_PATHS = (
					"$(inherited)",
					"@executable_path/../Frameworks",
					"@loader_path/../Frameworks",
				);
				PRODUCT_BUNDLE_IDENTIFIER = com.ambercoded.TriviaEngineTests;
				PRODUCT_NAME = "$(TARGET_NAME)";
				SWIFT_VERSION = 5.0;
			};
			name = Release;
		};
/* End XCBuildConfiguration section */

/* Begin XCConfigurationList section */
		3A7DDDF325FE3377006BC8BA /* Build configuration list for PBXProject "TriviaEngine" */ = {
			isa = XCConfigurationList;
			buildConfigurations = (
				3A7DDE0B25FE3377006BC8BA /* Debug */,
				3A7DDE0C25FE3377006BC8BA /* Release */,
			);
			defaultConfigurationIsVisible = 0;
			defaultConfigurationName = Release;
		};
		3A7DDE0D25FE3377006BC8BA /* Build configuration list for PBXNativeTarget "TriviaEngine" */ = {
			isa = XCConfigurationList;
			buildConfigurations = (
				3A7DDE0E25FE3377006BC8BA /* Debug */,
				3A7DDE0F25FE3377006BC8BA /* Release */,
			);
			defaultConfigurationIsVisible = 0;
			defaultConfigurationName = Release;
		};
		3A7DDE1025FE3377006BC8BA /* Build configuration list for PBXNativeTarget "TriviaEngineTests" */ = {
			isa = XCConfigurationList;
			buildConfigurations = (
				3A7DDE1125FE3377006BC8BA /* Debug */,
				3A7DDE1225FE3377006BC8BA /* Release */,
			);
			defaultConfigurationIsVisible = 0;
			defaultConfigurationName = Release;
		};
/* End XCConfigurationList section */
	};
	rootObject = 3A7DDDF025FE3377006BC8BA /* Project object */;
}
